
Microsoft Visual Studio Solution File, Format Version 12.00
# Visual Studio Version 17
VisualStudioVersion = 17.12.35707.178 d17.12
MinimumVisualStudioVersion = 10.0.40219.1
Project("{FAE04EC0-301F-11D3-BF4B-00C04F79EFBC}") = "Bank", "Bank\Bank.csproj", "{9CF9EC6F-5CBA-4FE3-8202-8BB3D3C77716}"
EndProject
Project("{FAE04EC0-301F-11D3-BF4B-00C04F79EFBC}") = "BankTests", "BankTests\BankTests.csproj", "{CD0CC311-5BFA-4995-AC3A-A4554C112CDE}"
EndProject
Global
	GlobalSection(SolutionConfigurationPlatforms) = preSolution
		Debug|Any CPU = Debug|Any CPU
		Release|Any CPU = Release|Any CPU
	EndGlobalSection
	GlobalSection(ProjectConfigurationPlatforms) = postSolution
		{9CF9EC6F-5CBA-4FE3-8202-8BB3D3C77716}.Debug|Any CPU.ActiveCfg = Debug|Any CPU
		{9CF9EC6F-5CBA-4FE3-8202-8BB3D3C77716}.Debug|Any CPU.Build.0 = Debug|Any CPU
		{9CF9EC6F-5CBA-4FE3-8202-8BB3D3C77716}.Release|Any CPU.ActiveCfg = Release|Any CPU
		{9CF9EC6F-5CBA-4FE3-8202-8BB3D3C77716}.Release|Any CPU.Build.0 = Release|Any CPU
		{CD0CC311-5BFA-4995-AC3A-A4554C112CDE}.Debug|Any CPU.ActiveCfg = Debug|Any CPU
		{CD0CC311-5BFA-4995-AC3A-A4554C112CDE}.Debug|Any CPU.Build.0 = Debug|Any CPU
		{CD0CC311-5BFA-4995-AC3A-A4554C112CDE}.Release|Any CPU.ActiveCfg = Release|Any CPU
		{CD0CC311-5BFA-4995-AC3A-A4554C112CDE}.Release|Any CPU.Build.0 = Release|Any CPU
	EndGlobalSection
	GlobalSection(SolutionProperties) = preSolution
		HideSolutionNode = FALSE
	EndGlobalSection
EndGlobal
